
Microsoft Visual Studio Solution File, Format Version 12.00
# Visual Studio Version 17
VisualStudioVersion = 17.9.34622.214
MinimumVisualStudioVersion = 10.0.40219.1
Project("{FAE04EC0-301F-11D3-BF4B-00C04F79EFBC}") = "MotoSerwis", "MotoSerwis\MotoSerwis.csproj", "{517D70AC-34B0-4D88-8C4C-22BF60CF8EDF}"
EndProject
Global
	GlobalSection(SolutionConfigurationPlatforms) = preSolution
		Debug|Any CPU = Debug|Any CPU
		Release|Any CPU = Release|Any CPU
	EndGlobalSection
	GlobalSection(ProjectConfigurationPlatforms) = postSolution
		{517D70AC-34B0-4D88-8C4C-22BF60CF8EDF}.Debug|Any CPU.ActiveCfg = Debug|Any CPU
		{517D70AC-34B0-4D88-8C4C-22BF60CF8EDF}.Debug|Any CPU.Build.0 = Debug|Any CPU
		{517D70AC-34B0-4D88-8C4C-22BF60CF8EDF}.Release|Any CPU.ActiveCfg = Release|Any CPU
		{517D70AC-34B0-4D88-8C4C-22BF60CF8EDF}.Release|Any CPU.Build.0 = Release|Any CPU
	EndGlobalSection
	GlobalSection(SolutionProperties) = preSolution
		HideSolutionNode = FALSE
	EndGlobalSection
	GlobalSection(ExtensibilityGlobals) = postSolution
		SolutionGuid = {CD3342B0-FB13-4C27-806C-42AF2D0BE04B}
	EndGlobalSection
EndGlobal
